
Microsoft Visual Studio Solution File, Format Version 12.00
# Visual Studio Version 17
VisualStudioVersion = 17.10.35013.160
MinimumVisualStudioVersion = 10.0.40219.1
Project("{9A19103F-16F7-4668-BE54-9A1E7A4F7556}") = "F.U.M", "F.U.M\F.U.M.csproj", "{CAAD1FF4-A8D1-4D71-8402-9F7208F9CB34}"
EndProject
Project("{FAE04EC0-301F-11D3-BF4B-00C04F79EFBC}") = "MyProject", "MyProject\MyProject.csproj", "{DDE70073-4F4F-4B82-89E7-F3425B1D296B}"
EndProject
Global
	GlobalSection(SolutionConfigurationPlatforms) = preSolution
		Debug|Any CPU = Debug|Any CPU
		Release|Any CPU = Release|Any CPU
	EndGlobalSection
	GlobalSection(ProjectConfigurationPlatforms) = postSolution
		{CAAD1FF4-A8D1-4D71-8402-9F7208F9CB34}.Debug|Any CPU.ActiveCfg = Debug|Any CPU
		{CAAD1FF4-A8D1-4D71-8402-9F7208F9CB34}.Debug|Any CPU.Build.0 = Debug|Any CPU
		{CAAD1FF4-A8D1-4D71-8402-9F7208F9CB34}.Release|Any CPU.ActiveCfg = Release|Any CPU
		{CAAD1FF4-A8D1-4D71-8402-9F7208F9CB34}.Release|Any CPU.Build.0 = Release|Any CPU
		{DDE70073-4F4F-4B82-89E7-F3425B1D296B}.Debug|Any CPU.ActiveCfg = Debug|Any CPU
		{DDE70073-4F4F-4B82-89E7-F3425B1D296B}.Debug|Any CPU.Build.0 = Debug|Any CPU
		{DDE70073-4F4F-4B82-89E7-F3425B1D296B}.Release|Any CPU.ActiveCfg = Release|Any CPU
		{DDE70073-4F4F-4B82-89E7-F3425B1D296B}.Release|Any CPU.Build.0 = Release|Any CPU
	EndGlobalSection
	GlobalSection(SolutionProperties) = preSolution
		HideSolutionNode = FALSE
	EndGlobalSection
	GlobalSection(ExtensibilityGlobals) = postSolution
		SolutionGuid = {022E9D4A-FF34-450A-95B4-D1B187351B6D}
	EndGlobalSection
EndGlobal
